
Microsoft Visual Studio Solution File, Format Version 12.00
# Visual Studio 15
VisualStudioVersion = 15.0.26730.16
MinimumVisualStudioVersion = 10.0.40219.1
Project("{FAE04EC0-301F-11D3-BF4B-00C04F79EFBC}") = "BankingApp", "BankingApp\BankingApp.csproj", "{0536BFFD-EB44-4EF5-AF36-FC7B4323E845}"
EndProject
Global
	GlobalSection(SolutionConfigurationPlatforms) = preSolution
		Debug|Any CPU = Debug|Any CPU
		Release|Any CPU = Release|Any CPU
	EndGlobalSection
	GlobalSection(ProjectConfigurationPlatforms) = postSolution
		{0536BFFD-EB44-4EF5-AF36-FC7B4323E845}.Debug|Any CPU.ActiveCfg = Debug|Any CPU
		{0536BFFD-EB44-4EF5-AF36-FC7B4323E845}.Debug|Any CPU.Build.0 = Debug|Any CPU
		{0536BFFD-EB44-4EF5-AF36-FC7B4323E845}.Release|Any CPU.ActiveCfg = Release|Any CPU
		{0536BFFD-EB44-4EF5-AF36-FC7B4323E845}.Release|Any CPU.Build.0 = Release|Any CPU
	EndGlobalSection
	GlobalSection(SolutionProperties) = preSolution
		HideSolutionNode = FALSE
	EndGlobalSection
	GlobalSection(ExtensibilityGlobals) = postSolution
		SolutionGuid = {59840872-CB9F-424C-A86C-67FD3324A5F4}
	EndGlobalSection
EndGlobal
